
Microsoft Visual Studio Solution File, Format Version 12.00
# Visual Studio Version 17
VisualStudioVersion = 17.4.33213.308
MinimumVisualStudioVersion = 10.0.40219.1
Project("{FAE04EC0-301F-11D3-BF4B-00C04F79EFBC}") = "Практическая 1 2", "Практическая 1 2\Практическая 1 2.csproj", "{A3F6E087-6009-4957-AE52-4C31B6A6E494}"
EndProject
Global
	GlobalSection(SolutionConfigurationPlatforms) = preSolution
		Debug|Any CPU = Debug|Any CPU
		Release|Any CPU = Release|Any CPU
	EndGlobalSection
	GlobalSection(ProjectConfigurationPlatforms) = postSolution
		{A3F6E087-6009-4957-AE52-4C31B6A6E494}.Debug|Any CPU.ActiveCfg = Debug|Any CPU
		{A3F6E087-6009-4957-AE52-4C31B6A6E494}.Debug|Any CPU.Build.0 = Debug|Any CPU
		{A3F6E087-6009-4957-AE52-4C31B6A6E494}.Release|Any CPU.ActiveCfg = Release|Any CPU
		{A3F6E087-6009-4957-AE52-4C31B6A6E494}.Release|Any CPU.Build.0 = Release|Any CPU
	EndGlobalSection
	GlobalSection(SolutionProperties) = preSolution
		HideSolutionNode = FALSE
	EndGlobalSection
	GlobalSection(ExtensibilityGlobals) = postSolution
		SolutionGuid = {C2FDB3DC-52E2-46BB-AA32-14179D6088C8}
	EndGlobalSection
EndGlobal
